
Microsoft Visual Studio Solution File, Format Version 12.00
# Visual Studio Version 17
VisualStudioVersion = 17.2.32630.192
MinimumVisualStudioVersion = 10.0.40219.1
Project("{FAE04EC0-301F-11D3-BF4B-00C04F79EFBC}") = "pmAPI", "pmAPI\pmAPI.csproj", "{185BE634-4A85-4D9C-AD65-195859893FDE}"
EndProject
Global
	GlobalSection(SolutionConfigurationPlatforms) = preSolution
		Debug|Any CPU = Debug|Any CPU
		Release|Any CPU = Release|Any CPU
	EndGlobalSection
	GlobalSection(ProjectConfigurationPlatforms) = postSolution
		{185BE634-4A85-4D9C-AD65-195859893FDE}.Debug|Any CPU.ActiveCfg = Debug|Any CPU
		{185BE634-4A85-4D9C-AD65-195859893FDE}.Debug|Any CPU.Build.0 = Debug|Any CPU
		{185BE634-4A85-4D9C-AD65-195859893FDE}.Release|Any CPU.ActiveCfg = Release|Any CPU
		{185BE634-4A85-4D9C-AD65-195859893FDE}.Release|Any CPU.Build.0 = Release|Any CPU
	EndGlobalSection
	GlobalSection(SolutionProperties) = preSolution
		HideSolutionNode = FALSE
	EndGlobalSection
	GlobalSection(ExtensibilityGlobals) = postSolution
		SolutionGuid = {017C68E8-31F2-42EC-B26D-31982CB612D5}
	EndGlobalSection
EndGlobal
